
Microsoft Visual Studio Solution File, Format Version 12.00
# Visual Studio 15
VisualStudioVersion = 15.0.26124.0
MinimumVisualStudioVersion = 15.0.26124.0
Project("{FAE04EC0-301F-11D3-BF4B-00C04F79EFBC}") = "Domain", "Domain\Domain.csproj", "{0959C732-2AF1-44E3-B9CD-559FC288042E}"
EndProject
Project("{FAE04EC0-301F-11D3-BF4B-00C04F79EFBC}") = "Application", "Application\Application.csproj", "{E6C06A5F-CEEB-40B2-9ADC-1784EDAF4D31}"
EndProject
Project("{FAE04EC0-301F-11D3-BF4B-00C04F79EFBC}") = "Persistence", "Persistence\Persistence.csproj", "{B70008F2-80A4-4F3C-8302-9807A41B9D8B}"
EndProject
Project("{FAE04EC0-301F-11D3-BF4B-00C04F79EFBC}") = "API", "API\API.csproj", "{5819C2DB-F74C-4B78-84D3-CCE66890F42F}"
EndProject
Global
	GlobalSection(SolutionConfigurationPlatforms) = preSolution
		Debug|Any CPU = Debug|Any CPU
		Debug|x64 = Debug|x64
		Debug|x86 = Debug|x86
		Release|Any CPU = Release|Any CPU
		Release|x64 = Release|x64
		Release|x86 = Release|x86
	EndGlobalSection
	GlobalSection(SolutionProperties) = preSolution
		HideSolutionNode = FALSE
	EndGlobalSection
	GlobalSection(ProjectConfigurationPlatforms) = postSolution
		{0959C732-2AF1-44E3-B9CD-559FC288042E}.Debug|Any CPU.ActiveCfg = Debug|Any CPU
		{0959C732-2AF1-44E3-B9CD-559FC288042E}.Debug|Any CPU.Build.0 = Debug|Any CPU
		{0959C732-2AF1-44E3-B9CD-559FC288042E}.Debug|x64.ActiveCfg = Debug|Any CPU
		{0959C732-2AF1-44E3-B9CD-559FC288042E}.Debug|x64.Build.0 = Debug|Any CPU
		{0959C732-2AF1-44E3-B9CD-559FC288042E}.Debug|x86.ActiveCfg = Debug|Any CPU
		{0959C732-2AF1-44E3-B9CD-559FC288042E}.Debug|x86.Build.0 = Debug|Any CPU
		{0959C732-2AF1-44E3-B9CD-559FC288042E}.Release|Any CPU.ActiveCfg = Release|Any CPU
		{0959C732-2AF1-44E3-B9CD-559FC288042E}.Release|Any CPU.Build.0 = Release|Any CPU
		{0959C732-2AF1-44E3-B9CD-559FC288042E}.Release|x64.ActiveCfg = Release|Any CPU
		{0959C732-2AF1-44E3-B9CD-559FC288042E}.Release|x64.Build.0 = Release|Any CPU
		{0959C732-2AF1-44E3-B9CD-559FC288042E}.Release|x86.ActiveCfg = Release|Any CPU
		{0959C732-2AF1-44E3-B9CD-559FC288042E}.Release|x86.Build.0 = Release|Any CPU
		{E6C06A5F-CEEB-40B2-9ADC-1784EDAF4D31}.Debug|Any CPU.ActiveCfg = Debug|Any CPU
		{E6C06A5F-CEEB-40B2-9ADC-1784EDAF4D31}.Debug|Any CPU.Build.0 = Debug|Any CPU
		{E6C06A5F-CEEB-40B2-9ADC-1784EDAF4D31}.Debug|x64.ActiveCfg = Debug|Any CPU
		{E6C06A5F-CEEB-40B2-9ADC-1784EDAF4D31}.Debug|x64.Build.0 = Debug|Any CPU
		{E6C06A5F-CEEB-40B2-9ADC-1784EDAF4D31}.Debug|x86.ActiveCfg = Debug|Any CPU
		{E6C06A5F-CEEB-40B2-9ADC-1784EDAF4D31}.Debug|x86.Build.0 = Debug|Any CPU
		{E6C06A5F-CEEB-40B2-9ADC-1784EDAF4D31}.Release|Any CPU.ActiveCfg = Release|Any CPU
		{E6C06A5F-CEEB-40B2-9ADC-1784EDAF4D31}.Release|Any CPU.Build.0 = Release|Any CPU
		{E6C06A5F-CEEB-40B2-9ADC-1784EDAF4D31}.Release|x64.ActiveCfg = Release|Any CPU
		{E6C06A5F-CEEB-40B2-9ADC-1784EDAF4D31}.Release|x64.Build.0 = Release|Any CPU
		{E6C06A5F-CEEB-40B2-9ADC-1784EDAF4D31}.Release|x86.ActiveCfg = Release|Any CPU
		{E6C06A5F-CEEB-40B2-9ADC-1784EDAF4D31}.Release|x86.Build.0 = Release|Any CPU
		{B70008F2-80A4-4F3C-8302-9807A41B9D8B}.Debug|Any CPU.ActiveCfg = Debug|Any CPU
		{B70008F2-80A4-4F3C-8302-9807A41B9D8B}.Debug|Any CPU.Build.0 = Debug|Any CPU
		{B70008F2-80A4-4F3C-8302-9807A41B9D8B}.Debug|x64.ActiveCfg = Debug|Any CPU
		{B70008F2-80A4-4F3C-8302-9807A41B9D8B}.Debug|x64.Build.0 = Debug|Any CPU
		{B70008F2-80A4-4F3C-8302-9807A41B9D8B}.Debug|x86.ActiveCfg = Debug|Any CPU
		{B70008F2-80A4-4F3C-8302-9807A41B9D8B}.Debug|x86.Build.0 = Debug|Any CPU
		{B70008F2-80A4-4F3C-8302-9807A41B9D8B}.Release|Any CPU.ActiveCfg = Release|Any CPU
		{B70008F2-80A4-4F3C-8302-9807A41B9D8B}.Release|Any CPU.Build.0 = Release|Any CPU
		{B70008F2-80A4-4F3C-8302-9807A41B9D8B}.Release|x64.ActiveCfg = Release|Any CPU
		{B70008F2-80A4-4F3C-8302-9807A41B9D8B}.Release|x64.Build.0 = Release|Any CPU
		{B70008F2-80A4-4F3C-8302-9807A41B9D8B}.Release|x86.ActiveCfg = Release|Any CPU
		{B70008F2-80A4-4F3C-8302-9807A41B9D8B}.Release|x86.Build.0 = Release|Any CPU
		{5819C2DB-F74C-4B78-84D3-CCE66890F42F}.Debug|Any CPU.ActiveCfg = Debug|Any CPU
		{5819C2DB-F74C-4B78-84D3-CCE66890F42F}.Debug|Any CPU.Build.0 = Debug|Any CPU
		{5819C2DB-F74C-4B78-84D3-CCE66890F42F}.Debug|x64.ActiveCfg = Debug|Any CPU
		{5819C2DB-F74C-4B78-84D3-CCE66890F42F}.Debug|x64.Build.0 = Debug|Any CPU
		{5819C2DB-F74C-4B78-84D3-CCE66890F42F}.Debug|x86.ActiveCfg = Debug|Any CPU
		{5819C2DB-F74C-4B78-84D3-CCE66890F42F}.Debug|x86.Build.0 = Debug|Any CPU
		{5819C2DB-F74C-4B78-84D3-CCE66890F42F}.Release|Any CPU.ActiveCfg = Release|Any CPU
		{5819C2DB-F74C-4B78-84D3-CCE66890F42F}.Release|Any CPU.Build.0 = Release|Any CPU
		{5819C2DB-F74C-4B78-84D3-CCE66890F42F}.Release|x64.ActiveCfg = Release|Any CPU
		{5819C2DB-F74C-4B78-84D3-CCE66890F42F}.Release|x64.Build.0 = Release|Any CPU
		{5819C2DB-F74C-4B78-84D3-CCE66890F42F}.Release|x86.ActiveCfg = Release|Any CPU
		{5819C2DB-F74C-4B78-84D3-CCE66890F42F}.Release|x86.Build.0 = Release|Any CPU
	EndGlobalSection
EndGlobal
